
Microsoft Visual Studio Solution File, Format Version 12.00
# Visual Studio 15
VisualStudioVersion = 15.0.28010.2050
MinimumVisualStudioVersion = 10.0.40219.1
Project("{8BC9CEB8-8B4A-11D0-8D11-00A0C91BC942}") = "Integral_solver_MPI", "Integral_solver_MPI\Integral_solver_MPI.vcxproj", "{F0C2063C-B524-49C6-8D0A-9AB059C5D9F8}"
EndProject
Project("{8BC9CEB8-8B4A-11D0-8D11-00A0C91BC942}") = "Test", "Test\Test.vcxproj", "{CC10E980-D854-4120-B546-B7C653C6A6E0}"
EndProject
Global
	GlobalSection(SolutionConfigurationPlatforms) = preSolution
		Debug|x64 = Debug|x64
		Debug|x86 = Debug|x86
		Release|x64 = Release|x64
		Release|x86 = Release|x86
	EndGlobalSection
	GlobalSection(ProjectConfigurationPlatforms) = postSolution
		{F0C2063C-B524-49C6-8D0A-9AB059C5D9F8}.Debug|x64.ActiveCfg = Debug|x64
		{F0C2063C-B524-49C6-8D0A-9AB059C5D9F8}.Debug|x64.Build.0 = Debug|x64
		{F0C2063C-B524-49C6-8D0A-9AB059C5D9F8}.Debug|x86.ActiveCfg = Debug|Win32
		{F0C2063C-B524-49C6-8D0A-9AB059C5D9F8}.Debug|x86.Build.0 = Debug|Win32
		{F0C2063C-B524-49C6-8D0A-9AB059C5D9F8}.Release|x64.ActiveCfg = Release|x64
		{F0C2063C-B524-49C6-8D0A-9AB059C5D9F8}.Release|x64.Build.0 = Release|x64
		{F0C2063C-B524-49C6-8D0A-9AB059C5D9F8}.Release|x86.ActiveCfg = Release|Win32
		{F0C2063C-B524-49C6-8D0A-9AB059C5D9F8}.Release|x86.Build.0 = Release|Win32
		{CC10E980-D854-4120-B546-B7C653C6A6E0}.Debug|x64.ActiveCfg = Debug|x64
		{CC10E980-D854-4120-B546-B7C653C6A6E0}.Debug|x64.Build.0 = Debug|x64
		{CC10E980-D854-4120-B546-B7C653C6A6E0}.Debug|x86.ActiveCfg = Debug|Win32
		{CC10E980-D854-4120-B546-B7C653C6A6E0}.Debug|x86.Build.0 = Debug|Win32
		{CC10E980-D854-4120-B546-B7C653C6A6E0}.Release|x64.ActiveCfg = Release|x64
		{CC10E980-D854-4120-B546-B7C653C6A6E0}.Release|x64.Build.0 = Release|x64
		{CC10E980-D854-4120-B546-B7C653C6A6E0}.Release|x86.ActiveCfg = Release|Win32
		{CC10E980-D854-4120-B546-B7C653C6A6E0}.Release|x86.Build.0 = Release|Win32
	EndGlobalSection
	GlobalSection(SolutionProperties) = preSolution
		HideSolutionNode = FALSE
	EndGlobalSection
	GlobalSection(ExtensibilityGlobals) = postSolution
		SolutionGuid = {A72B433C-8959-4DED-A327-DF8C8A09A90A}
	EndGlobalSection
EndGlobal
